
Microsoft Visual Studio Solution File, Format Version 12.00
# Visual Studio Version 17
VisualStudioVersion = 17.10.35013.160
MinimumVisualStudioVersion = 10.0.40219.1
Project("{FAE04EC0-301F-11D3-BF4B-00C04F79EFBC}") = "Library_management_system", "Library_management_system\Library_management_system.csproj", "{9F7175D2-1BE2-4CFE-B97B-882C2B3FF610}"
EndProject
Global
	GlobalSection(SolutionConfigurationPlatforms) = preSolution
		Debug|Any CPU = Debug|Any CPU
		Release|Any CPU = Release|Any CPU
	EndGlobalSection
	GlobalSection(ProjectConfigurationPlatforms) = postSolution
		{9F7175D2-1BE2-4CFE-B97B-882C2B3FF610}.Debug|Any CPU.ActiveCfg = Debug|Any CPU
		{9F7175D2-1BE2-4CFE-B97B-882C2B3FF610}.Debug|Any CPU.Build.0 = Debug|Any CPU
		{9F7175D2-1BE2-4CFE-B97B-882C2B3FF610}.Release|Any CPU.ActiveCfg = Release|Any CPU
		{9F7175D2-1BE2-4CFE-B97B-882C2B3FF610}.Release|Any CPU.Build.0 = Release|Any CPU
	EndGlobalSection
	GlobalSection(SolutionProperties) = preSolution
		HideSolutionNode = FALSE
	EndGlobalSection
	GlobalSection(ExtensibilityGlobals) = postSolution
		SolutionGuid = {2539C93E-D89C-475A-9C24-5ECB601570F3}
	EndGlobalSection
EndGlobal
